{
  "name": "januswebvue",
  "lockfileVersion": 2,
  "requires": true,
  "packages": {
    "": {
      "name": "januswebvue",
      "workspaces": [
        "src/januswebicpvue3"
      ],
      "engines": {
        "node": ">=16.0.0",
        "npm": ">=7.0.0"
      }
    },
    "node_modules/januswebicpvue3": {
      "resolved": "src/januswebicpvue3",
      "link": true
    },
    "src/januswebicpvue3": {
      "version": "0.0.0",
      "dependencies": {
        "@dfinity/agent": "^0.20.0",
        "@dfinity/candid": "^0.20.0",
        "@dfinity/principal": "^0.20.0",
        "pinia": "^2.1.6",
        "vue": "^3.3.4"
      },
      "devDependencies": {
        "@vitejs/plugin-vue": "^4.2.3",
        "@vue/tsconfig": "^0.4.0",
        "dotenv": "^16.3.1",
        "prettier": "^2.8.8",
        "sass": "^1.63.6",
        "typescript": "^5.1.3",
        "vite": "^4.3.9",
        "vite-plugin-environment": "^1.1.3"
      }
    },
    "src/januswebicpvue3/node_modules/@babel/parser": {
      "version": "7.24.5",
      "license": "MIT",
      "bin": {
        "parser": "bin/babel-parser.js"
      },
      "engines": {
        "node": ">=6.0.0"
      }
    },
    "src/januswebicpvue3/node_modules/@dfinity/agent": {
      "version": "0.20.2",
      "license": "Apache-2.0",
      "dependencies": {
        "@noble/curves": "^1.2.0",
        "@noble/hashes": "^1.3.1",
        "base64-arraybuffer": "^0.2.0",
        "borc": "^2.1.1",
        "buffer": "^6.0.3",
        "simple-cbor": "^0.4.1"
      },
      "peerDependencies": {
        "@dfinity/candid": "^0.20.2",
        "@dfinity/principal": "^0.20.2"
      }
    },
    "src/januswebicpvue3/node_modules/@dfinity/candid": {
      "version": "0.20.2",
      "license": "Apache-2.0",
      "peerDependencies": {
        "@dfinity/principal": "^0.20.2"
      }
    },
    "src/januswebicpvue3/node_modules/@dfinity/principal": {
      "version": "0.20.2",
      "license": "Apache-2.0",
      "dependencies": {
        "@noble/hashes": "^1.3.1"
      }
    },
    "src/januswebicpvue3/node_modules/@esbuild/darwin-arm64": {
      "version": "0.18.20",
      "cpu": [
        "arm64"
      ],
      "dev": true,
      "license": "MIT",
      "optional": true,
      "os": [
        "darwin"
      ],
      "engines": {
        "node": ">=12"
      }
    },
    "src/januswebicpvue3/node_modules/@jridgewell/sourcemap-codec": {
      "version": "1.4.15",
      "license": "MIT"
    },
    "src/januswebicpvue3/node_modules/@noble/curves": {
      "version": "1.4.0",
      "license": "MIT",
      "dependencies": {
        "@noble/hashes": "1.4.0"
      },
      "funding": {
        "url": "https://paulmillr.com/funding/"
      }
    },
    "src/januswebicpvue3/node_modules/@noble/hashes": {
      "version": "1.4.0",
      "license": "MIT",
      "engines": {
        "node": ">= 16"
      },
      "funding": {
        "url": "https://paulmillr.com/funding/"
      }
    },
    "src/januswebicpvue3/node_modules/@vitejs/plugin-vue": {
      "version": "4.6.2",
      "dev": true,
      "license": "MIT",
      "engines": {
        "node": "^14.18.0 || >=16.0.0"
      },
      "peerDependencies": {
        "vite": "^4.0.0 || ^5.0.0",
        "vue": "^3.2.25"
      }
    },
    "src/januswebicpvue3/node_modules/@vue/compiler-core": {
      "version": "3.4.27",
      "license": "MIT",
      "dependencies": {
        "@babel/parser": "^7.24.4",
        "@vue/shared": "3.4.27",
        "entities": "^4.5.0",
        "estree-walker": "^2.0.2",
        "source-map-js": "^1.2.0"
      }
    },
    "src/januswebicpvue3/node_modules/@vue/compiler-dom": {
      "version": "3.4.27",
      "license": "MIT",
      "dependencies": {
        "@vue/compiler-core": "3.4.27",
        "@vue/shared": "3.4.27"
      }
    },
    "src/januswebicpvue3/node_modules/@vue/compiler-sfc": {
      "version": "3.4.27",
      "license": "MIT",
      "dependencies": {
        "@babel/parser": "^7.24.4",
        "@vue/compiler-core": "3.4.27",
        "@vue/compiler-dom": "3.4.27",
        "@vue/compiler-ssr": "3.4.27",
        "@vue/shared": "3.4.27",
        "estree-walker": "^2.0.2",
        "magic-string": "^0.30.10",
        "postcss": "^8.4.38",
        "source-map-js": "^1.2.0"
      }
    },
    "src/januswebicpvue3/node_modules/@vue/compiler-ssr": {
      "version": "3.4.27",
      "license": "MIT",
      "dependencies": {
        "@vue/compiler-dom": "3.4.27",
        "@vue/shared": "3.4.27"
      }
    },
    "src/januswebicpvue3/node_modules/@vue/devtools-api": {
      "version": "6.6.1",
      "license": "MIT"
    },
    "src/januswebicpvue3/node_modules/@vue/reactivity": {
      "version": "3.4.27",
      "license": "MIT",
      "dependencies": {
        "@vue/shared": "3.4.27"
      }
    },
    "src/januswebicpvue3/node_modules/@vue/runtime-core": {
      "version": "3.4.27",
      "license": "MIT",
      "dependencies": {
        "@vue/reactivity": "3.4.27",
        "@vue/shared": "3.4.27"
      }
    },
    "src/januswebicpvue3/node_modules/@vue/runtime-dom": {
      "version": "3.4.27",
      "license": "MIT",
      "dependencies": {
        "@vue/runtime-core": "3.4.27",
        "@vue/shared": "3.4.27",
        "csstype": "^3.1.3"
      }
    },
    "src/januswebicpvue3/node_modules/@vue/server-renderer": {
      "version": "3.4.27",
      "license": "MIT",
      "dependencies": {
        "@vue/compiler-ssr": "3.4.27",
        "@vue/shared": "3.4.27"
      },
      "peerDependencies": {
        "vue": "3.4.27"
      }
    },
    "src/januswebicpvue3/node_modules/@vue/shared": {
      "version": "3.4.27",
      "license": "MIT"
    },
    "src/januswebicpvue3/node_modules/@vue/tsconfig": {
      "version": "0.4.0",
      "dev": true,
      "license": "MIT"
    },
    "src/januswebicpvue3/node_modules/anymatch": {
      "version": "3.1.3",
      "dev": true,
      "license": "ISC",
      "dependencies": {
        "normalize-path": "^3.0.0",
        "picomatch": "^2.0.4"
      },
      "engines": {
        "node": ">= 8"
      }
    },
    "src/januswebicpvue3/node_modules/base64-arraybuffer": {
      "version": "0.2.0",
      "engines": {
        "node": ">= 0.6.0"
      }
    },
    "src/januswebicpvue3/node_modules/base64-js": {
      "version": "1.5.1",
      "funding": [
        {
          "type": "github",
          "url": "https://github.com/sponsors/feross"
        },
        {
          "type": "patreon",
          "url": "https://www.patreon.com/feross"
        },
        {
          "type": "consulting",
          "url": "https://feross.org/support"
        }
      ],
      "license": "MIT"
    },
    "src/januswebicpvue3/node_modules/bignumber.js": {
      "version": "9.1.2",
      "license": "MIT",
      "engines": {
        "node": "*"
      }
    },
    "src/januswebicpvue3/node_modules/binary-extensions": {
      "version": "2.3.0",
      "dev": true,
      "license": "MIT",
      "engines": {
        "node": ">=8"
      },
      "funding": {
        "url": "https://github.com/sponsors/sindresorhus"
      }
    },
    "src/januswebicpvue3/node_modules/borc": {
      "version": "2.1.2",
      "license": "MIT",
      "dependencies": {
        "bignumber.js": "^9.0.0",
        "buffer": "^5.5.0",
        "commander": "^2.15.0",
        "ieee754": "^1.1.13",
        "iso-url": "~0.4.7",
        "json-text-sequence": "~0.1.0",
        "readable-stream": "^3.6.0"
      },
      "engines": {
        "node": ">=4"
      }
    },
    "src/januswebicpvue3/node_modules/borc/node_modules/buffer": {
      "version": "5.7.1",
      "funding": [
        {
          "type": "github",
          "url": "https://github.com/sponsors/feross"
        },
        {
          "type": "patreon",
          "url": "https://www.patreon.com/feross"
        },
        {
          "type": "consulting",
          "url": "https://feross.org/support"
        }
      ],
      "license": "MIT",
      "dependencies": {
        "base64-js": "^1.3.1",
        "ieee754": "^1.1.13"
      }
    },
    "src/januswebicpvue3/node_modules/braces": {
      "version": "3.0.2",
      "dev": true,
      "license": "MIT",
      "dependencies": {
        "fill-range": "^7.0.1"
      },
      "engines": {
        "node": ">=8"
      }
    },
    "src/januswebicpvue3/node_modules/buffer": {
      "version": "6.0.3",
      "funding": [
        {
          "type": "github",
          "url": "https://github.com/sponsors/feross"
        },
        {
          "type": "patreon",
          "url": "https://www.patreon.com/feross"
        },
        {
          "type": "consulting",
          "url": "https://feross.org/support"
        }
      ],
      "license": "MIT",
      "dependencies": {
        "base64-js": "^1.3.1",
        "ieee754": "^1.2.1"
      }
    },
    "src/januswebicpvue3/node_modules/chokidar": {
      "version": "3.6.0",
      "dev": true,
      "license": "MIT",
      "dependencies": {
        "anymatch": "~3.1.2",
        "braces": "~3.0.2",
        "glob-parent": "~5.1.2",
        "is-binary-path": "~2.1.0",
        "is-glob": "~4.0.1",
        "normalize-path": "~3.0.0",
        "readdirp": "~3.6.0"
      },
      "engines": {
        "node": ">= 8.10.0"
      },
      "funding": {
        "url": "https://paulmillr.com/funding/"
      },
      "optionalDependencies": {
        "fsevents": "~2.3.2"
      }
    },
    "src/januswebicpvue3/node_modules/commander": {
      "version": "2.20.3",
      "license": "MIT"
    },
    "src/januswebicpvue3/node_modules/csstype": {
      "version": "3.1.3",
      "license": "MIT"
    },
    "src/januswebicpvue3/node_modules/delimit-stream": {
      "version": "0.1.0",
      "license": "BSD-2-Clause"
    },
    "src/januswebicpvue3/node_modules/dotenv": {
      "version": "16.4.5",
      "dev": true,
      "license": "BSD-2-Clause",
      "engines": {
        "node": ">=12"
      },
      "funding": {
        "url": "https://dotenvx.com"
      }
    },
    "src/januswebicpvue3/node_modules/entities": {
      "version": "4.5.0",
      "license": "BSD-2-Clause",
      "engines": {
        "node": ">=0.12"
      },
      "funding": {
        "url": "https://github.com/fb55/entities?sponsor=1"
      }
    },
    "src/januswebicpvue3/node_modules/esbuild": {
      "version": "0.18.20",
      "dev": true,
      "hasInstallScript": true,
      "license": "MIT",
      "bin": {
        "esbuild": "bin/esbuild"
      },
      "engines": {
        "node": ">=12"
      },
      "optionalDependencies": {
        "@esbuild/android-arm": "0.18.20",
        "@esbuild/android-arm64": "0.18.20",
        "@esbuild/android-x64": "0.18.20",
        "@esbuild/darwin-arm64": "0.18.20",
        "@esbuild/darwin-x64": "0.18.20",
        "@esbuild/freebsd-arm64": "0.18.20",
        "@esbuild/freebsd-x64": "0.18.20",
        "@esbuild/linux-arm": "0.18.20",
        "@esbuild/linux-arm64": "0.18.20",
        "@esbuild/linux-ia32": "0.18.20",
        "@esbuild/linux-loong64": "0.18.20",
        "@esbuild/linux-mips64el": "0.18.20",
        "@esbuild/linux-ppc64": "0.18.20",
        "@esbuild/linux-riscv64": "0.18.20",
        "@esbuild/linux-s390x": "0.18.20",
        "@esbuild/linux-x64": "0.18.20",
        "@esbuild/netbsd-x64": "0.18.20",
        "@esbuild/openbsd-x64": "0.18.20",
        "@esbuild/sunos-x64": "0.18.20",
        "@esbuild/win32-arm64": "0.18.20",
        "@esbuild/win32-ia32": "0.18.20",
        "@esbuild/win32-x64": "0.18.20"
      }
    },
    "src/januswebicpvue3/node_modules/estree-walker": {
      "version": "2.0.2",
      "license": "MIT"
    },
    "src/januswebicpvue3/node_modules/fill-range": {
      "version": "7.0.1",
      "dev": true,
      "license": "MIT",
      "dependencies": {
        "to-regex-range": "^5.0.1"
      },
      "engines": {
        "node": ">=8"
      }
    },
    "src/januswebicpvue3/node_modules/fsevents": {
      "version": "2.3.3",
      "dev": true,
      "license": "MIT",
      "optional": true,
      "os": [
        "darwin"
      ],
      "engines": {
        "node": "^8.16.0 || ^10.6.0 || >=11.0.0"
      }
    },
    "src/januswebicpvue3/node_modules/glob-parent": {
      "version": "5.1.2",
      "dev": true,
      "license": "ISC",
      "dependencies": {
        "is-glob": "^4.0.1"
      },
      "engines": {
        "node": ">= 6"
      }
    },
    "src/januswebicpvue3/node_modules/ieee754": {
      "version": "1.2.1",
      "funding": [
        {
          "type": "github",
          "url": "https://github.com/sponsors/feross"
        },
        {
          "type": "patreon",
          "url": "https://www.patreon.com/feross"
        },
        {
          "type": "consulting",
          "url": "https://feross.org/support"
        }
      ],
      "license": "BSD-3-Clause"
    },
    "src/januswebicpvue3/node_modules/immutable": {
      "version": "4.3.5",
      "dev": true,
      "license": "MIT"
    },
    "src/januswebicpvue3/node_modules/inherits": {
      "version": "2.0.4",
      "license": "ISC"
    },
    "src/januswebicpvue3/node_modules/is-binary-path": {
      "version": "2.1.0",
      "dev": true,
      "license": "MIT",
      "dependencies": {
        "binary-extensions": "^2.0.0"
      },
      "engines": {
        "node": ">=8"
      }
    },
    "src/januswebicpvue3/node_modules/is-extglob": {
      "version": "2.1.1",
      "dev": true,
      "license": "MIT",
      "engines": {
        "node": ">=0.10.0"
      }
    },
    "src/januswebicpvue3/node_modules/is-glob": {
      "version": "4.0.3",
      "dev": true,
      "license": "MIT",
      "dependencies": {
        "is-extglob": "^2.1.1"
      },
      "engines": {
        "node": ">=0.10.0"
      }
    },
    "src/januswebicpvue3/node_modules/is-number": {
      "version": "7.0.0",
      "dev": true,
      "license": "MIT",
      "engines": {
        "node": ">=0.12.0"
      }
    },
    "src/januswebicpvue3/node_modules/iso-url": {
      "version": "0.4.7",
      "license": "MIT",
      "engines": {
        "node": ">=10"
      }
    },
    "src/januswebicpvue3/node_modules/json-text-sequence": {
      "version": "0.1.1",
      "license": "MIT",
      "dependencies": {
        "delimit-stream": "0.1.0"
      }
    },
    "src/januswebicpvue3/node_modules/magic-string": {
      "version": "0.30.10",
      "license": "MIT",
      "dependencies": {
        "@jridgewell/sourcemap-codec": "^1.4.15"
      }
    },
    "src/januswebicpvue3/node_modules/nanoid": {
      "version": "3.3.7",
      "funding": [
        {
          "type": "github",
          "url": "https://github.com/sponsors/ai"
        }
      ],
      "license": "MIT",
      "bin": {
        "nanoid": "bin/nanoid.cjs"
      },
      "engines": {
        "node": "^10 || ^12 || ^13.7 || ^14 || >=15.0.1"
      }
    },
    "src/januswebicpvue3/node_modules/normalize-path": {
      "version": "3.0.0",
      "dev": true,
      "license": "MIT",
      "engines": {
        "node": ">=0.10.0"
      }
    },
    "src/januswebicpvue3/node_modules/picocolors": {
      "version": "1.0.0",
      "license": "ISC"
    },
    "src/januswebicpvue3/node_modules/picomatch": {
      "version": "2.3.1",
      "dev": true,
      "license": "MIT",
      "engines": {
        "node": ">=8.6"
      },
      "funding": {
        "url": "https://github.com/sponsors/jonschlinkert"
      }
    },
    "src/januswebicpvue3/node_modules/pinia": {
      "version": "2.1.7",
      "license": "MIT",
      "dependencies": {
        "@vue/devtools-api": "^6.5.0",
        "vue-demi": ">=0.14.5"
      },
      "funding": {
        "url": "https://github.com/sponsors/posva"
      },
      "peerDependencies": {
        "@vue/composition-api": "^1.4.0",
        "typescript": ">=4.4.4",
        "vue": "^2.6.14 || ^3.3.0"
      },
      "peerDependenciesMeta": {
        "@vue/composition-api": {
          "optional": true
        },
        "typescript": {
          "optional": true
        }
      }
    },
    "src/januswebicpvue3/node_modules/pinia/node_modules/vue-demi": {
      "version": "0.14.7",
      "hasInstallScript": true,
      "license": "MIT",
      "bin": {
        "vue-demi-fix": "bin/vue-demi-fix.js",
        "vue-demi-switch": "bin/vue-demi-switch.js"
      },
      "engines": {
        "node": ">=12"
      },
      "funding": {
        "url": "https://github.com/sponsors/antfu"
      },
      "peerDependencies": {
        "@vue/composition-api": "^1.0.0-rc.1",
        "vue": "^3.0.0-0 || ^2.6.0"
      },
      "peerDependenciesMeta": {
        "@vue/composition-api": {
          "optional": true
        }
      }
    },
    "src/januswebicpvue3/node_modules/postcss": {
      "version": "8.4.38",
      "funding": [
        {
          "type": "opencollective",
          "url": "https://opencollective.com/postcss/"
        },
        {
          "type": "tidelift",
          "url": "https://tidelift.com/funding/github/npm/postcss"
        },
        {
          "type": "github",
          "url": "https://github.com/sponsors/ai"
        }
      ],
      "license": "MIT",
      "dependencies": {
        "nanoid": "^3.3.7",
        "picocolors": "^1.0.0",
        "source-map-js": "^1.2.0"
      },
      "engines": {
        "node": "^10 || ^12 || >=14"
      }
    },
    "src/januswebicpvue3/node_modules/prettier": {
      "version": "2.8.8",
      "dev": true,
      "license": "MIT",
      "bin": {
        "prettier": "bin-prettier.js"
      },
      "engines": {
        "node": ">=10.13.0"
      },
      "funding": {
        "url": "https://github.com/prettier/prettier?sponsor=1"
      }
    },
    "src/januswebicpvue3/node_modules/readable-stream": {
      "version": "3.6.2",
      "license": "MIT",
      "dependencies": {
        "inherits": "^2.0.3",
        "string_decoder": "^1.1.1",
        "util-deprecate": "^1.0.1"
      },
      "engines": {
        "node": ">= 6"
      }
    },
    "src/januswebicpvue3/node_modules/readdirp": {
      "version": "3.6.0",
      "dev": true,
      "license": "MIT",
      "dependencies": {
        "picomatch": "^2.2.1"
      },
      "engines": {
        "node": ">=8.10.0"
      }
    },
    "src/januswebicpvue3/node_modules/rollup": {
      "version": "3.29.4",
      "dev": true,
      "license": "MIT",
      "bin": {
        "rollup": "dist/bin/rollup"
      },
      "engines": {
        "node": ">=14.18.0",
        "npm": ">=8.0.0"
      },
      "optionalDependencies": {
        "fsevents": "~2.3.2"
      }
    },
    "src/januswebicpvue3/node_modules/safe-buffer": {
      "version": "5.2.1",
      "funding": [
        {
          "type": "github",
          "url": "https://github.com/sponsors/feross"
        },
        {
          "type": "patreon",
          "url": "https://www.patreon.com/feross"
        },
        {
          "type": "consulting",
          "url": "https://feross.org/support"
        }
      ],
      "license": "MIT"
    },
    "src/januswebicpvue3/node_modules/sass": {
      "version": "1.77.0",
      "dev": true,
      "license": "MIT",
      "dependencies": {
        "chokidar": ">=3.0.0 <4.0.0",
        "immutable": "^4.0.0",
        "source-map-js": ">=0.6.2 <2.0.0"
      },
      "bin": {
        "sass": "sass.js"
      },
      "engines": {
        "node": ">=14.0.0"
      }
    },
    "src/januswebicpvue3/node_modules/simple-cbor": {
      "version": "0.4.1",
      "license": "ISC"
    },
    "src/januswebicpvue3/node_modules/source-map-js": {
      "version": "1.2.0",
      "license": "BSD-3-Clause",
      "engines": {
        "node": ">=0.10.0"
      }
    },
    "src/januswebicpvue3/node_modules/string_decoder": {
      "version": "1.3.0",
      "license": "MIT",
      "dependencies": {
        "safe-buffer": "~5.2.0"
      }
    },
    "src/januswebicpvue3/node_modules/to-regex-range": {
      "version": "5.0.1",
      "dev": true,
      "license": "MIT",
      "dependencies": {
        "is-number": "^7.0.0"
      },
      "engines": {
        "node": ">=8.0"
      }
    },
    "src/januswebicpvue3/node_modules/typescript": {
      "version": "5.4.5",
      "devOptional": true,
      "license": "Apache-2.0",
      "bin": {
        "tsc": "bin/tsc",
        "tsserver": "bin/tsserver"
      },
      "engines": {
        "node": ">=14.17"
      }
    },
    "src/januswebicpvue3/node_modules/util-deprecate": {
      "version": "1.0.2",
      "license": "MIT"
    },
    "src/januswebicpvue3/node_modules/vite": {
      "version": "4.5.3",
      "dev": true,
      "license": "MIT",
      "dependencies": {
        "esbuild": "^0.18.10",
        "postcss": "^8.4.27",
        "rollup": "^3.27.1"
      },
      "bin": {
        "vite": "bin/vite.js"
      },
      "engines": {
        "node": "^14.18.0 || >=16.0.0"
      },
      "funding": {
        "url": "https://github.com/vitejs/vite?sponsor=1"
      },
      "optionalDependencies": {
        "fsevents": "~2.3.2"
      },
      "peerDependencies": {
        "@types/node": ">= 14",
        "less": "*",
        "lightningcss": "^1.21.0",
        "sass": "*",
        "stylus": "*",
        "sugarss": "*",
        "terser": "^5.4.0"
      },
      "peerDependenciesMeta": {
        "@types/node": {
          "optional": true
        },
        "less": {
          "optional": true
        },
        "lightningcss": {
          "optional": true
        },
        "sass": {
          "optional": true
        },
        "stylus": {
          "optional": true
        },
        "sugarss": {
          "optional": true
        },
        "terser": {
          "optional": true
        }
      }
    },
    "src/januswebicpvue3/node_modules/vite-plugin-environment": {
      "version": "1.1.3",
      "dev": true,
      "license": "MIT",
      "peerDependencies": {
        "vite": ">= 2.7"
      }
    },
    "src/januswebicpvue3/node_modules/vue": {
      "version": "3.4.27",
      "license": "MIT",
      "dependencies": {
        "@vue/compiler-dom": "3.4.27",
        "@vue/compiler-sfc": "3.4.27",
        "@vue/runtime-dom": "3.4.27",
        "@vue/server-renderer": "3.4.27",
        "@vue/shared": "3.4.27"
      },
      "peerDependencies": {
        "typescript": "*"
      },
      "peerDependenciesMeta": {
        "typescript": {
          "optional": true
        }
      }
    }
  },
  "dependencies": {
    "januswebicpvue3": {
      "version": "file:src/januswebicpvue3",
      "requires": {
        "@dfinity/agent": "^0.20.0",
        "@dfinity/candid": "^0.20.0",
        "@dfinity/principal": "^0.20.0",
        "@vitejs/plugin-vue": "^4.2.3",
        "@vue/tsconfig": "^0.4.0",
        "dotenv": "^16.3.1",
        "pinia": "^2.1.6",
        "prettier": "^2.8.8",
        "sass": "^1.63.6",
        "typescript": "^5.1.3",
        "vite": "^4.3.9",
        "vite-plugin-environment": "^1.1.3",
        "vue": "^3.3.4"
      },
      "dependencies": {
        "@babel/parser": {
          "version": "7.24.5"
        },
        "@dfinity/agent": {
          "version": "0.20.2",
          "requires": {
            "@noble/curves": "^1.2.0",
            "@noble/hashes": "^1.3.1",
            "base64-arraybuffer": "^0.2.0",
            "borc": "^2.1.1",
            "buffer": "^6.0.3",
            "simple-cbor": "^0.4.1"
          }
        },
        "@dfinity/candid": {
          "version": "0.20.2",
          "requires": {}
        },
        "@dfinity/principal": {
          "version": "0.20.2",
          "requires": {
            "@noble/hashes": "^1.3.1"
          }
        },
        "@esbuild/darwin-arm64": {
          "version": "0.18.20",
          "dev": true,
          "optional": true
        },
        "@jridgewell/sourcemap-codec": {
          "version": "1.4.15"
        },
        "@noble/curves": {
          "version": "1.4.0",
          "requires": {
            "@noble/hashes": "1.4.0"
          }
        },
        "@noble/hashes": {
          "version": "1.4.0"
        },
        "@vitejs/plugin-vue": {
          "version": "4.6.2",
          "dev": true,
          "requires": {}
        },
        "@vue/compiler-core": {
          "version": "3.4.27",
          "requires": {
            "@babel/parser": "^7.24.4",
            "@vue/shared": "3.4.27",
            "entities": "^4.5.0",
            "estree-walker": "^2.0.2",
            "source-map-js": "^1.2.0"
          }
        },
        "@vue/compiler-dom": {
          "version": "3.4.27",
          "requires": {
            "@vue/compiler-core": "3.4.27",
            "@vue/shared": "3.4.27"
          }
        },
        "@vue/compiler-sfc": {
          "version": "3.4.27",
          "requires": {
            "@babel/parser": "^7.24.4",
            "@vue/compiler-core": "3.4.27",
            "@vue/compiler-dom": "3.4.27",
            "@vue/compiler-ssr": "3.4.27",
            "@vue/shared": "3.4.27",
            "estree-walker": "^2.0.2",
            "magic-string": "^0.30.10",
            "postcss": "^8.4.38",
            "source-map-js": "^1.2.0"
          }
        },
        "@vue/compiler-ssr": {
          "version": "3.4.27",
          "requires": {
            "@vue/compiler-dom": "3.4.27",
            "@vue/shared": "3.4.27"
          }
        },
        "@vue/devtools-api": {
          "version": "6.6.1"
        },
        "@vue/reactivity": {
          "version": "3.4.27",
          "requires": {
            "@vue/shared": "3.4.27"
          }
        },
        "@vue/runtime-core": {
          "version": "3.4.27",
          "requires": {
            "@vue/reactivity": "3.4.27",
            "@vue/shared": "3.4.27"
          }
        },
        "@vue/runtime-dom": {
          "version": "3.4.27",
          "requires": {
            "@vue/runtime-core": "3.4.27",
            "@vue/shared": "3.4.27",
            "csstype": "^3.1.3"
          }
        },
        "@vue/server-renderer": {
          "version": "3.4.27",
          "requires": {
            "@vue/compiler-ssr": "3.4.27",
            "@vue/shared": "3.4.27"
          }
        },
        "@vue/shared": {
          "version": "3.4.27"
        },
        "@vue/tsconfig": {
          "version": "0.4.0",
          "dev": true
        },
        "anymatch": {
          "version": "3.1.3",
          "dev": true,
          "requires": {
            "normalize-path": "^3.0.0",
            "picomatch": "^2.0.4"
          }
        },
        "base64-arraybuffer": {
          "version": "0.2.0"
        },
        "base64-js": {
          "version": "1.5.1"
        },
        "bignumber.js": {
          "version": "9.1.2"
        },
        "binary-extensions": {
          "version": "2.3.0",
          "dev": true
        },
        "borc": {
          "version": "2.1.2",
          "requires": {
            "bignumber.js": "^9.0.0",
            "buffer": "^5.5.0",
            "commander": "^2.15.0",
            "ieee754": "^1.1.13",
            "iso-url": "~0.4.7",
            "json-text-sequence": "~0.1.0",
            "readable-stream": "^3.6.0"
          },
          "dependencies": {
            "buffer": {
              "version": "5.7.1",
              "requires": {
                "base64-js": "^1.3.1",
                "ieee754": "^1.1.13"
              }
            }
          }
        },
        "braces": {
          "version": "3.0.2",
          "dev": true,
          "requires": {
            "fill-range": "^7.0.1"
          }
        },
        "buffer": {
          "version": "6.0.3",
          "requires": {
            "base64-js": "^1.3.1",
            "ieee754": "^1.2.1"
          }
        },
        "chokidar": {
          "version": "3.6.0",
          "dev": true,
          "requires": {
            "anymatch": "~3.1.2",
            "braces": "~3.0.2",
            "fsevents": "~2.3.2",
            "glob-parent": "~5.1.2",
            "is-binary-path": "~2.1.0",
            "is-glob": "~4.0.1",
            "normalize-path": "~3.0.0",
            "readdirp": "~3.6.0"
          }
        },
        "commander": {
          "version": "2.20.3"
        },
        "csstype": {
          "version": "3.1.3"
        },
        "delimit-stream": {
          "version": "0.1.0"
        },
        "dotenv": {
          "version": "16.4.5",
          "dev": true
        },
        "entities": {
          "version": "4.5.0"
        },
        "esbuild": {
          "version": "0.18.20",
          "dev": true,
          "requires": {
            "@esbuild/android-arm": "0.18.20",
            "@esbuild/android-arm64": "0.18.20",
            "@esbuild/android-x64": "0.18.20",
            "@esbuild/darwin-arm64": "0.18.20",
            "@esbuild/darwin-x64": "0.18.20",
            "@esbuild/freebsd-arm64": "0.18.20",
            "@esbuild/freebsd-x64": "0.18.20",
            "@esbuild/linux-arm": "0.18.20",
            "@esbuild/linux-arm64": "0.18.20",
            "@esbuild/linux-ia32": "0.18.20",
            "@esbuild/linux-loong64": "0.18.20",
            "@esbuild/linux-mips64el": "0.18.20",
            "@esbuild/linux-ppc64": "0.18.20",
            "@esbuild/linux-riscv64": "0.18.20",
            "@esbuild/linux-s390x": "0.18.20",
            "@esbuild/linux-x64": "0.18.20",
            "@esbuild/netbsd-x64": "0.18.20",
            "@esbuild/openbsd-x64": "0.18.20",
            "@esbuild/sunos-x64": "0.18.20",
            "@esbuild/win32-arm64": "0.18.20",
            "@esbuild/win32-ia32": "0.18.20",
            "@esbuild/win32-x64": "0.18.20"
          }
        },
        "estree-walker": {
          "version": "2.0.2"
        },
        "fill-range": {
          "version": "7.0.1",
          "dev": true,
          "requires": {
            "to-regex-range": "^5.0.1"
          }
        },
        "fsevents": {
          "version": "2.3.3",
          "dev": true,
          "optional": true
        },
        "glob-parent": {
          "version": "5.1.2",
          "dev": true,
          "requires": {
            "is-glob": "^4.0.1"
          }
        },
        "ieee754": {
          "version": "1.2.1"
        },
        "immutable": {
          "version": "4.3.5",
          "dev": true
        },
        "inherits": {
          "version": "2.0.4"
        },
        "is-binary-path": {
          "version": "2.1.0",
          "dev": true,
          "requires": {
            "binary-extensions": "^2.0.0"
          }
        },
        "is-extglob": {
          "version": "2.1.1",
          "dev": true
        },
        "is-glob": {
          "version": "4.0.3",
          "dev": true,
          "requires": {
            "is-extglob": "^2.1.1"
          }
        },
        "is-number": {
          "version": "7.0.0",
          "dev": true
        },
        "iso-url": {
          "version": "0.4.7"
        },
        "json-text-sequence": {
          "version": "0.1.1",
          "requires": {
            "delimit-stream": "0.1.0"
          }
        },
        "magic-string": {
          "version": "0.30.10",
          "requires": {
            "@jridgewell/sourcemap-codec": "^1.4.15"
          }
        },
        "nanoid": {
          "version": "3.3.7"
        },
        "normalize-path": {
          "version": "3.0.0",
          "dev": true
        },
        "picocolors": {
          "version": "1.0.0"
        },
        "picomatch": {
          "version": "2.3.1",
          "dev": true
        },
        "pinia": {
          "version": "2.1.7",
          "requires": {
            "@vue/devtools-api": "^6.5.0",
            "vue-demi": ">=0.14.5"
          },
          "dependencies": {
            "vue-demi": {
              "version": "0.14.7",
              "requires": {}
            }
          }
        },
        "postcss": {
          "version": "8.4.38",
          "requires": {
            "nanoid": "^3.3.7",
            "picocolors": "^1.0.0",
            "source-map-js": "^1.2.0"
          }
        },
        "prettier": {
          "version": "2.8.8",
          "dev": true
        },
        "readable-stream": {
          "version": "3.6.2",
          "requires": {
            "inherits": "^2.0.3",
            "string_decoder": "^1.1.1",
            "util-deprecate": "^1.0.1"
          }
        },
        "readdirp": {
          "version": "3.6.0",
          "dev": true,
          "requires": {
            "picomatch": "^2.2.1"
          }
        },
        "rollup": {
          "version": "3.29.4",
          "dev": true,
          "requires": {
            "fsevents": "~2.3.2"
          }
        },
        "safe-buffer": {
          "version": "5.2.1"
        },
        "sass": {
          "version": "1.77.0",
          "dev": true,
          "requires": {
            "chokidar": ">=3.0.0 <4.0.0",
            "immutable": "^4.0.0",
            "source-map-js": ">=0.6.2 <2.0.0"
          }
        },
        "simple-cbor": {
          "version": "0.4.1"
        },
        "source-map-js": {
          "version": "1.2.0"
        },
        "string_decoder": {
          "version": "1.3.0",
          "requires": {
            "safe-buffer": "~5.2.0"
          }
        },
        "to-regex-range": {
          "version": "5.0.1",
          "dev": true,
          "requires": {
            "is-number": "^7.0.0"
          }
        },
        "typescript": {
          "version": "5.4.5",
          "devOptional": true
        },
        "util-deprecate": {
          "version": "1.0.2"
        },
        "vite": {
          "version": "4.5.3",
          "dev": true,
          "requires": {
            "esbuild": "^0.18.10",
            "fsevents": "~2.3.2",
            "postcss": "^8.4.27",
            "rollup": "^3.27.1"
          }
        },
        "vite-plugin-environment": {
          "version": "1.1.3",
          "dev": true,
          "requires": {}
        },
        "vue": {
          "version": "3.4.27",
          "requires": {
            "@vue/compiler-dom": "3.4.27",
            "@vue/compiler-sfc": "3.4.27",
            "@vue/runtime-dom": "3.4.27",
            "@vue/server-renderer": "3.4.27",
            "@vue/shared": "3.4.27"
          }
        }
      }
    }
  }
}
